
Microsoft Visual Studio Solution File, Format Version 12.00
# Visual Studio 14
VisualStudioVersion = 14.0.25420.1
MinimumVisualStudioVersion = 10.0.40219.1
Project("{FAE04EC0-301F-11D3-BF4B-00C04F79EFBC}") = "defender", "defender\defender.csproj", "{204182B8-D0BE-49F0-85DB-804C621E505B}"
EndProject
Project("{FAE04EC0-301F-11D3-BF4B-00C04F79EFBC}") = "inheritance soccer", "inheritance soccer\inheritance soccer.csproj", "{B3ADA4DE-2B59-4CF6-9F7C-195818FC9401}"
EndProject
Global
	GlobalSection(SolutionConfigurationPlatforms) = preSolution
		Debug|Any CPU = Debug|Any CPU
		Release|Any CPU = Release|Any CPU
	EndGlobalSection
	GlobalSection(ProjectConfigurationPlatforms) = postSolution
		{204182B8-D0BE-49F0-85DB-804C621E505B}.Debug|Any CPU.ActiveCfg = Debug|Any CPU
		{204182B8-D0BE-49F0-85DB-804C621E505B}.Debug|Any CPU.Build.0 = Debug|Any CPU
		{204182B8-D0BE-49F0-85DB-804C621E505B}.Release|Any CPU.ActiveCfg = Release|Any CPU
		{204182B8-D0BE-49F0-85DB-804C621E505B}.Release|Any CPU.Build.0 = Release|Any CPU
		{B3ADA4DE-2B59-4CF6-9F7C-195818FC9401}.Debug|Any CPU.ActiveCfg = Debug|Any CPU
		{B3ADA4DE-2B59-4CF6-9F7C-195818FC9401}.Debug|Any CPU.Build.0 = Debug|Any CPU
		{B3ADA4DE-2B59-4CF6-9F7C-195818FC9401}.Release|Any CPU.ActiveCfg = Release|Any CPU
		{B3ADA4DE-2B59-4CF6-9F7C-195818FC9401}.Release|Any CPU.Build.0 = Release|Any CPU
	EndGlobalSection
	GlobalSection(SolutionProperties) = preSolution
		HideSolutionNode = FALSE
	EndGlobalSection
EndGlobal
